// !$*UTF8*$!
{
	archiveVersion = 1;
	classes = {
	};
	objectVersion = 50;
	objects = {

/* Begin PBXBuildFile section */
		DB38312B23CCDB86007E6F54 /* AppDelegate.swift in Sources */ = {isa = PBXBuildFile; fileRef = DB38312A23CCDB86007E6F54 /* AppDelegate.swift */; };
		DB38312D23CCDB86007E6F54 /* SceneDelegate.swift in Sources */ = {isa = PBXBuildFile; fileRef = DB38312C23CCDB86007E6F54 /* SceneDelegate.swift */; };
		DB38312F23CCDB86007E6F54 /* ViewController.swift in Sources */ = {isa = PBXBuildFile; fileRef = DB38312E23CCDB86007E6F54 /* ViewController.swift */; };
		DB38313223CCDB86007E6F54 /* Main.storyboard in Resources */ = {isa = PBXBuildFile; fileRef = DB38313023CCDB86007E6F54 /* Main.storyboard */; };
		DB38313423CCDB88007E6F54 /* Assets.xcassets in Resources */ = {isa = PBXBuildFile; fileRef = DB38313323CCDB88007E6F54 /* Assets.xcassets */; };
		DB38313723CCDB88007E6F54 /* LaunchScreen.storyboard in Resources */ = {isa = PBXBuildFile; fileRef = DB38313523CCDB88007E6F54 /* LaunchScreen.storyboard */; };
/* End PBXBuildFile section */

/* Begin PBXFileReference section */
		DB38312723CCDB86007E6F54 /* GenericCollectionTable.app */ = {isa = PBXFileReference; explicitFileType = wrapper.application; includeInIndex = 0; path = GenericCollectionTable.app; sourceTree = BUILT_PRODUCTS_DIR; };
		DB38312A23CCDB86007E6F54 /* AppDelegate.swift */ = {isa = PBXFileReference; lastKnownFileType = sourcecode.swift; path = AppDelegate.swift; sourceTree = "<group>"; };
		DB38312C23CCDB86007E6F54 /* SceneDelegate.swift */ = {isa = PBXFileReference; lastKnownFileType = sourcecode.swift; path = SceneDelegate.swift; sourceTree = "<group>"; };
		DB38312E23CCDB86007E6F54 /* ViewController.swift */ = {isa = PBXFileReference; lastKnownFileType = sourcecode.swift; path = ViewController.swift; sourceTree = "<group>"; };
		DB38313123CCDB86007E6F54 /* Base */ = {isa = PBXFileReference; lastKnownFileType = file.storyboard; name = Base; path = Base.lproj/Main.storyboard; sourceTree = "<group>"; };
		DB38313323CCDB88007E6F54 /* Assets.xcassets */ = {isa = PBXFileReference; lastKnownFileType = folder.assetcatalog; path = Assets.xcassets; sourceTree = "<group>"; };
		DB38313623CCDB88007E6F54 /* Base */ = {isa = PBXFileReference; lastKnownFileType = file.storyboard; name = Base; path = Base.lproj/LaunchScreen.storyboard; sourceTree = "<group>"; };
		DB38313823CCDB88007E6F54 /* Info.plist */ = {isa = PBXFileReference; lastKnownFileType = text.plist.xml; path = Info.plist; sourceTree = "<group>"; };
/* End PBXFileReference section */

/* Begin PBXFrameworksBuildPhase section */
		DB38312423CCDB86007E6F54 /* Frameworks */ = {
			isa = PBXFrameworksBuildPhase;
			buildActionMask = 2147483647;
			files = (
			);
			runOnlyForDeploymentPostprocessing = 0;
		};
/* End PBXFrameworksBuildPhase section */

/* Begin PBXGroup section */
		DB38311E23CCDB86007E6F54 = {
			isa = PBXGroup;
			children = (
				DB38312923CCDB86007E6F54 /* GenericCollectionTable */,
				DB38312823CCDB86007E6F54 /* Products */,
			);
			sourceTree = "<group>";
		};
		DB38312823CCDB86007E6F54 /* Products */ = {
			isa = PBXGroup;
			children = (
				DB38312723CCDB86007E6F54 /* GenericCollectionTable.app */,
			);
			name = Products;
			sourceTree = "<group>";
		};
		DB38312923CCDB86007E6F54 /* GenericCollectionTable */ = {
			isa = PBXGroup;
			children = (
				DB38312A23CCDB86007E6F54 /* AppDelegate.swift */,
				DB38312C23CCDB86007E6F54 /* SceneDelegate.swift */,
				DB38312E23CCDB86007E6F54 /* ViewController.swift */,
				DB38313023CCDB86007E6F54 /* Main.storyboard */,
				DB38313323CCDB88007E6F54 /* Assets.xcassets */,
				DB38313523CCDB88007E6F54 /* LaunchScreen.storyboard */,
				DB38313823CCDB88007E6F54 /* Info.plist */,
			);
			path = GenericCollectionTable;
			sourceTree = "<group>";
		};
/* End PBXGroup section */

/* Begin PBXNativeTarget section */
		DB38312623CCDB86007E6F54 /* GenericCollectionTable */ = {
			isa = PBXNativeTarget;
			buildConfigurationList = DB38313B23CCDB88007E6F54 /* Build configuration list for PBXNativeTarget "GenericCollectionTable" */;
			buildPhases = (
				DB38312323CCDB86007E6F54 /* Sources */,
				DB38312423CCDB86007E6F54 /* Frameworks */,
				DB38312523CCDB86007E6F54 /* Resources */,
			);
			buildRules = (
			);
			dependencies = (
			);
			name = GenericCollectionTable;
			productName = GenericCollectionTable;
			productReference = DB38312723CCDB86007E6F54 /* GenericCollectionTable.app */;
			productType = "com.apple.product-type.application";
		};
/* End PBXNativeTarget section */

/* Begin PBXProject section */
		DB38311F23CCDB86007E6F54 /* Project object */ = {
			isa = PBXProject;
			attributes = {
				LastSwiftUpdateCheck = 1130;
				LastUpgradeCheck = 1130;
				ORGANIZATIONNAME = "jeevan tiwari";
				TargetAttributes = {
					DB38312623CCDB86007E6F54 = {
						CreatedOnToolsVersion = 11.3;
					};
				};
			};
			buildConfigurationList = DB38312223CCDB86007E6F54 /* Build configuration list for PBXProject "GenericCollectionTable" */;
			compatibilityVersion = "Xcode 9.3";
			developmentRegion = en;
			hasScannedForEncodings = 0;
			knownRegions = (
				en,
				Base,
			);
			mainGroup = DB38311E23CCDB86007E6F54;
			productRefGroup = DB38312823CCDB86007E6F54 /* Products */;
			projectDirPath = "";
			projectRoot = "";
			targets = (
				DB38312623CCDB86007E6F54 /* GenericCollectionTable */,
			);
		};
/* End PBXProject section */

/* Begin PBXResourcesBuildPhase section */
		DB38312523CCDB86007E6F54 /* Resources */ = {
			isa = PBXResourcesBuildPhase;
			buildActionMask = 2147483647;
			files = (
				DB38313723CCDB88007E6F54 /* LaunchScreen.storyboard in Resources */,
				DB38313423CCDB88007E6F54 /* Assets.xcassets in Resources */,
				DB38313223CCDB86007E6F54 /* Main.storyboard in Resources */,
			);
			runOnlyForDeploymentPostprocessing = 0;
		};
/* End PBXResourcesBuildPhase section */

/* Begin PBXSourcesBuildPhase section */
		DB38312323CCDB86007E6F54 /* Sources */ = {
			isa = PBXSourcesBuildPhase;
			buildActionMask = 2147483647;
			files = (
				DB38312F23CCDB86007E6F54 /* ViewController.swift in Sources */,
				DB38312B23CCDB86007E6F54 /* AppDelegate.swift in Sources */,
				DB38312D23CCDB86007E6F54 /* SceneDelegate.swift in Sources */,
			);
			runOnlyForDeploymentPostprocessing = 0;
		};
/* End PBXSourcesBuildPhase section */

/* Begin PBXVariantGroup section */
		DB38313023CCDB86007E6F54 /* Main.storyboard */ = {
			isa = PBXVariantGroup;
			children = (
				DB38313123CCDB86007E6F54 /* Base */,
			);
			name = Main.storyboard;
			sourceTree = "<group>";
		};
		DB38313523CCDB88007E6F54 /* LaunchScreen.storyboard */ = {
			isa = PBXVariantGroup;
			children = (
				DB38313623CCDB88007E6F54 /* Base */,
			);
			name = LaunchScreen.storyboard;
			sourceTree = "<group>";
		};
/* End PBXVariantGroup section */

/* Begin XCBuildConfiguration section */
		DB38313923CCDB88007E6F54 /* Debug */ = {
			isa = XCBuildConfiguration;
			buildSettings = {
				ALWAYS_SEARCH_USER_PATHS = NO;
				CLANG_ANALYZER_NONNULL = YES;
				CLANG_ANALYZER_NUMBER_OBJECT_CONVERSION = YES_AGGRESSIVE;
				CLANG_CXX_LANGUAGE_STANDARD = "gnu++14";
				CLANG_CXX_LIBRARY = "libc++";
				CLANG_ENABLE_MODULES = YES;
				CLANG_ENABLE_OBJC_ARC = YES;
				CLANG_ENABLE_OBJC_WEAK = YES;
				CLANG_WARN_BLOCK_CAPTURE_AUTORELEASING = YES;
				CLANG_WARN_BOOL_CONVERSION = YES;
				CLANG_WARN_COMMA = YES;
				CLANG_WARN_CONSTANT_CONVERSION = YES;
				CLANG_WARN_DEPRECATED_OBJC_IMPLEMENTATIONS = YES;
				CLANG_WARN_DIRECT_OBJC_ISA_USAGE = YES_ERROR;
				CLANG_WARN_DOCUMENTATION_COMMENTS = YES;
				CLANG_WARN_EMPTY_BODY = YES;
				CLANG_WARN_ENUM_CONVERSION = YES;
				CLANG_WARN_INFINITE_RECURSION = YES;
				CLANG_WARN_INT_CONVERSION = YES;
				CLANG_WARN_NON_LITERAL_NULL_CONVERSION = YES;
				CLANG_WARN_OBJC_IMPLICIT_RETAIN_SELF = YES;
				CLANG_WARN_OBJC_LITERAL_CONVERSION = YES;
				CLANG_WARN_OBJC_ROOT_CLASS = YES_ERROR;
				CLANG_WARN_RANGE_LOOP_ANALYSIS = YES;
				CLANG_WARN_STRICT_PROTOTYPES = YES;
				CLANG_WARN_SUSPICIOUS_MOVE = YES;
				CLANG_WARN_UNGUARDED_AVAILABILITY = YES_AGGRESSIVE;
				CLANG_WARN_UNREACHABLE_CODE = YES;
				CLANG_WARN__DUPLICATE_METHOD_MATCH = YES;
				COPY_PHASE_STRIP = NO;
				DEBUG_INFORMATION_FORMAT = dwarf;
				ENABLE_STRICT_OBJC_MSGSEND = YES;
				ENABLE_TESTABILITY = YES;
				GCC_C_LANGUAGE_STANDARD = gnu11;
				GCC_DYNAMIC_NO_PIC = NO;
				GCC_NO_COMMON_BLOCKS = YES;
				GCC_OPTIMIZATION_LEVEL = 0;
				GCC_PREPROCESSOR_DEFINITIONS = (
					"DEBUG=1",
					"$(inherited)",
				);
				GCC_WARN_64_TO_32_BIT_CONVERSION = YES;
				GCC_WARN_ABOUT_RETURN_TYPE = YES_ERROR;
				GCC_WARN_UNDECLARED_SELECTOR = YES;
				GCC_WARN_UNINITIALIZED_AUTOS = YES_AGGRESSIVE;
				GCC_WARN_UNUSED_FUNCTION = YES;
				GCC_WARN_UNUSED_VARIABLE = YES;
				IPHONEOS_DEPLOYMENT_TARGET = 13.2;
				MTL_ENABLE_DEBUG_INFO = INCLUDE_SOURCE;
				MTL_FAST_MATH = YES;
				ONLY_ACTIVE_ARCH = YES;
				SDKROOT = iphoneos;
				SWIFT_ACTIVE_COMPILATION_CONDITIONS = DEBUG;
				SWIFT_OPTIMIZATION_LEVEL = "-Onone";
			};
			name = Debug;
		};
		DB38313A23CCDB88007E6F54 /* Release */ = {
			isa = XCBuildConfiguration;
			buildSettings = {
				ALWAYS_SEARCH_USER_PATHS = NO;
				CLANG_ANALYZER_NONNULL = YES;
				CLANG_ANALYZER_NUMBER_OBJECT_CONVERSION = YES_AGGRESSIVE;
				CLANG_CXX_LANGUAGE_STANDARD = "gnu++14";
				CLANG_CXX_LIBRARY = "libc++";
				CLANG_ENABLE_MODULES = YES;
				CLANG_ENABLE_OBJC_ARC = YES;
				CLANG_ENABLE_OBJC_WEAK = YES;
				CLANG_WARN_BLOCK_CAPTURE_AUTORELEASING = YES;
				CLANG_WARN_BOOL_CONVERSION = YES;
				CLANG_WARN_COMMA = YES;
				CLANG_WARN_CONSTANT_CONVERSION = YES;
				CLANG_WARN_DEPRECATED_OBJC_IMPLEMENTATIONS = YES;
				CLANG_WARN_DIRECT_OBJC_ISA_USAGE = YES_ERROR;
				CLANG_WARN_DOCUMENTATION_COMMENTS = YES;
				CLANG_WARN_EMPTY_BODY = YES;
				CLANG_WARN_ENUM_CONVERSION = YES;
				CLANG_WARN_INFINITE_RECURSION = YES;
				CLANG_WARN_INT_CONVERSION = YES;
				CLANG_WARN_NON_LITERAL_NULL_CONVERSION = YES;
				CLANG_WARN_OBJC_IMPLICIT_RETAIN_SELF = YES;
				CLANG_WARN_OBJC_LITERAL_CONVERSION = YES;
				CLANG_WARN_OBJC_ROOT_CLASS = YES_ERROR;
				CLANG_WARN_RANGE_LOOP_ANALYSIS = YES;
				CLANG_WARN_STRICT_PROTOTYPES = YES;
				CLANG_WARN_SUSPICIOUS_MOVE = YES;
				CLANG_WARN_UNGUARDED_AVAILABILITY = YES_AGGRESSIVE;
				CLANG_WARN_UNREACHABLE_CODE = YES;
				CLANG_WARN__DUPLICATE_METHOD_MATCH = YES;
				COPY_PHASE_STRIP = NO;
				DEBUG_INFORMATION_FORMAT = "dwarf-with-dsym";
				ENABLE_NS_ASSERTIONS = NO;
				ENABLE_STRICT_OBJC_MSGSEND = YES;
				GCC_C_LANGUAGE_STANDARD = gnu11;
				GCC_NO_COMMON_BLOCKS = YES;
				GCC_WARN_64_TO_32_BIT_CONVERSION = YES;
				GCC_WARN_ABOUT_RETURN_TYPE = YES_ERROR;
				GCC_WARN_UNDECLARED_SELECTOR = YES;
				GCC_WARN_UNINITIALIZED_AUTOS = YES_AGGRESSIVE;
				GCC_WARN_UNUSED_FUNCTION = YES;
				GCC_WARN_UNUSED_VARIABLE = YES;
				IPHONEOS_DEPLOYMENT_TARGET = 13.2;
				MTL_ENABLE_DEBUG_INFO = NO;
				MTL_FAST_MATH = YES;
				SDKROOT = iphoneos;
				SWIFT_COMPILATION_MODE = wholemodule;
				SWIFT_OPTIMIZATION_LEVEL = "-O";
				VALIDATE_PRODUCT = YES;
			};
			name = Release;
		};
		DB38313C23CCDB88007E6F54 /* Debug */ = {
			isa = XCBuildConfiguration;
			buildSettings = {
				ASSETCATALOG_COMPILER_APPICON_NAME = AppIcon;
				CODE_SIGN_STYLE = Automatic;
				DEVELOPMENT_TEAM = 794XU74V2R;
				INFOPLIST_FILE = GenericCollectionTable/Info.plist;
				LD_RUNPATH_SEARCH_PATHS = (
					"$(inherited)",
					"@executable_path/Frameworks",
				);
				PRODUCT_BUNDLE_IDENTIFIER = com.GenericCollectionTable;
				PRODUCT_NAME = "$(TARGET_NAME)";
				SWIFT_VERSION = 5.0;
				TARGETED_DEVICE_FAMILY = "1,2";
			};
			name = Debug;
		};
		DB38313D23CCDB88007E6F54 /* Release */ = {
			isa = XCBuildConfiguration;
			buildSettings = {
				ASSETCATALOG_COMPILER_APPICON_NAME = AppIcon;
				CODE_SIGN_STYLE = Automatic;
				DEVELOPMENT_TEAM = 794XU74V2R;
				INFOPLIST_FILE = GenericCollectionTable/Info.plist;
				LD_RUNPATH_SEARCH_PATHS = (
					"$(inherited)",
					"@executable_path/Frameworks",
				);
				PRODUCT_BUNDLE_IDENTIFIER = com.GenericCollectionTable;
				PRODUCT_NAME = "$(TARGET_NAME)";
				SWIFT_VERSION = 5.0;
				TARGETED_DEVICE_FAMILY = "1,2";
			};
			name = Release;
		};
/* End XCBuildConfiguration section */

/* Begin XCConfigurationList section */
		DB38312223CCDB86007E6F54 /* Build configuration list for PBXProject "GenericCollectionTable" */ = {
			isa = XCConfigurationList;
			buildConfigurations = (
				DB38313923CCDB88007E6F54 /* Debug */,
				DB38313A23CCDB88007E6F54 /* Release */,
			);
			defaultConfigurationIsVisible = 0;
			defaultConfigurationName = Release;
		};
		DB38313B23CCDB88007E6F54 /* Build configuration list for PBXNativeTarget "GenericCollectionTable" */ = {
			isa = XCConfigurationList;
			buildConfigurations = (
				DB38313C23CCDB88007E6F54 /* Debug */,
				DB38313D23CCDB88007E6F54 /* Release */,
			);
			defaultConfigurationIsVisible = 0;
			defaultConfigurationName = Release;
		};
/* End XCConfigurationList section */
	};
	rootObject = DB38311F23CCDB86007E6F54 /* Project object */;
}
